
Microsoft Visual Studio Solution File, Format Version 12.00
# Visual Studio Version 17
VisualStudioVersion = 17.10.35122.118
MinimumVisualStudioVersion = 10.0.40219.1
Project("{2150E333-8FDC-42A3-9474-1A3956D46DE8}") = "src", "src", "{2EA5E67E-35D2-412B-85C2-7BB70DD07830}"
EndProject
Project("{2150E333-8FDC-42A3-9474-1A3956D46DE8}") = "tests", "tests", "{73548550-A259-4165-BF69-E7C8080C47F7}"
EndProject
Project("{2150E333-8FDC-42A3-9474-1A3956D46DE8}") = "corePackages", "corePackages", "{07933DBA-D7B4-40C1-B884-D9BDA33725C6}"
EndProject
Project("{2150E333-8FDC-42A3-9474-1A3956D46DE8}") = "messagingApp", "messagingApp", "{60308F9C-9B17-480D-A758-F16739628437}"
EndProject
Project("{9A19103F-16F7-4668-BE54-9A1E7A4F7556}") = "WebMVC", "src\messagingApp\WebMVC\WebMVC.csproj", "{FCD260CD-2488-4CA2-BE37-28173FA1EDC8}"
EndProject
Project("{9A19103F-16F7-4668-BE54-9A1E7A4F7556}") = "WebAPI", "src\messagingApp\WebAPI\WebAPI.csproj", "{470C30F4-2962-497A-A880-0EF65114FADF}"
EndProject
Project("{9A19103F-16F7-4668-BE54-9A1E7A4F7556}") = "Domain", "src\messagingApp\Domain\Domain.csproj", "{D3F019C0-35D6-48E1-8B6D-D4EBE46C6418}"
EndProject
Project("{9A19103F-16F7-4668-BE54-9A1E7A4F7556}") = "Application", "src\messagingApp\Application\Application.csproj", "{49E07341-A924-4B55-AF1D-3C75E3EA50FA}"
EndProject
Project("{9A19103F-16F7-4668-BE54-9A1E7A4F7556}") = "Persistence", "src\messagingApp\Persistence\Persistence.csproj", "{601B8CF4-C387-4ADD-840D-C7946271D5AA}"
EndProject
Project("{9A19103F-16F7-4668-BE54-9A1E7A4F7556}") = "Infrastructure", "src\messagingApp\Infrastructure\Infrastructure.csproj", "{A97BA842-C7B7-4C8E-BAFC-9EABBDD31849}"
EndProject
Project("{9A19103F-16F7-4668-BE54-9A1E7A4F7556}") = "Core.Application", "src\corePackages\Core.Application\Core.Application.csproj", "{185DA4BE-B106-4D5F-83CB-639604CC9C26}"
EndProject
Project("{9A19103F-16F7-4668-BE54-9A1E7A4F7556}") = "Core.Persistence", "src\corePackages\Core.Persistence\Core.Persistence.csproj", "{8C3A3A0E-C476-4993-989E-6487A0923DAE}"
EndProject
Project("{2150E333-8FDC-42A3-9474-1A3956D46DE8}") = "external_services", "external_services", "{1F68EDD9-9FC1-49DB-9FCE-2A056FD3B760}"
EndProject
Project("{9A19103F-16F7-4668-BE54-9A1E7A4F7556}") = "FileAPI", "external_services\FileAPI\FileAPI.csproj", "{429370DA-6D5B-4AF2-9E58-3BBC8B82B884}"
EndProject
Project("{9A19103F-16F7-4668-BE54-9A1E7A4F7556}") = "Core.CrossCuttingConcerns", "src\corePackages\Core.CrossCuttingConcerns\Core.CrossCuttingConcerns.csproj", "{01F328FF-F72F-49DD-B779-DE2D45FB6DE8}"
EndProject
Project("{9A19103F-16F7-4668-BE54-9A1E7A4F7556}") = "Core.Exception", "src\corePackages\Core.Exception\Core.Exception.csproj", "{9E646ACA-C949-43F8-9B60-C9DADF7D46B3}"
EndProject
Global
	GlobalSection(SolutionConfigurationPlatforms) = preSolution
		Debug|Any CPU = Debug|Any CPU
		Release|Any CPU = Release|Any CPU
	EndGlobalSection
	GlobalSection(ProjectConfigurationPlatforms) = postSolution
		{FCD260CD-2488-4CA2-BE37-28173FA1EDC8}.Debug|Any CPU.ActiveCfg = Debug|Any CPU
		{FCD260CD-2488-4CA2-BE37-28173FA1EDC8}.Debug|Any CPU.Build.0 = Debug|Any CPU
		{FCD260CD-2488-4CA2-BE37-28173FA1EDC8}.Release|Any CPU.ActiveCfg = Release|Any CPU
		{FCD260CD-2488-4CA2-BE37-28173FA1EDC8}.Release|Any CPU.Build.0 = Release|Any CPU
		{470C30F4-2962-497A-A880-0EF65114FADF}.Debug|Any CPU.ActiveCfg = Debug|Any CPU
		{470C30F4-2962-497A-A880-0EF65114FADF}.Debug|Any CPU.Build.0 = Debug|Any CPU
		{470C30F4-2962-497A-A880-0EF65114FADF}.Release|Any CPU.ActiveCfg = Release|Any CPU
		{470C30F4-2962-497A-A880-0EF65114FADF}.Release|Any CPU.Build.0 = Release|Any CPU
		{D3F019C0-35D6-48E1-8B6D-D4EBE46C6418}.Debug|Any CPU.ActiveCfg = Debug|Any CPU
		{D3F019C0-35D6-48E1-8B6D-D4EBE46C6418}.Debug|Any CPU.Build.0 = Debug|Any CPU
		{D3F019C0-35D6-48E1-8B6D-D4EBE46C6418}.Release|Any CPU.ActiveCfg = Release|Any CPU
		{D3F019C0-35D6-48E1-8B6D-D4EBE46C6418}.Release|Any CPU.Build.0 = Release|Any CPU
		{49E07341-A924-4B55-AF1D-3C75E3EA50FA}.Debug|Any CPU.ActiveCfg = Debug|Any CPU
		{49E07341-A924-4B55-AF1D-3C75E3EA50FA}.Debug|Any CPU.Build.0 = Debug|Any CPU
		{49E07341-A924-4B55-AF1D-3C75E3EA50FA}.Release|Any CPU.ActiveCfg = Release|Any CPU
		{49E07341-A924-4B55-AF1D-3C75E3EA50FA}.Release|Any CPU.Build.0 = Release|Any CPU
		{601B8CF4-C387-4ADD-840D-C7946271D5AA}.Debug|Any CPU.ActiveCfg = Debug|Any CPU
		{601B8CF4-C387-4ADD-840D-C7946271D5AA}.Debug|Any CPU.Build.0 = Debug|Any CPU
		{601B8CF4-C387-4ADD-840D-C7946271D5AA}.Release|Any CPU.ActiveCfg = Release|Any CPU
		{601B8CF4-C387-4ADD-840D-C7946271D5AA}.Release|Any CPU.Build.0 = Release|Any CPU
		{A97BA842-C7B7-4C8E-BAFC-9EABBDD31849}.Debug|Any CPU.ActiveCfg = Debug|Any CPU
		{A97BA842-C7B7-4C8E-BAFC-9EABBDD31849}.Debug|Any CPU.Build.0 = Debug|Any CPU
		{A97BA842-C7B7-4C8E-BAFC-9EABBDD31849}.Release|Any CPU.ActiveCfg = Release|Any CPU
		{A97BA842-C7B7-4C8E-BAFC-9EABBDD31849}.Release|Any CPU.Build.0 = Release|Any CPU
		{185DA4BE-B106-4D5F-83CB-639604CC9C26}.Debug|Any CPU.ActiveCfg = Debug|Any CPU
		{185DA4BE-B106-4D5F-83CB-639604CC9C26}.Debug|Any CPU.Build.0 = Debug|Any CPU
		{185DA4BE-B106-4D5F-83CB-639604CC9C26}.Release|Any CPU.ActiveCfg = Release|Any CPU
		{185DA4BE-B106-4D5F-83CB-639604CC9C26}.Release|Any CPU.Build.0 = Release|Any CPU
		{8C3A3A0E-C476-4993-989E-6487A0923DAE}.Debug|Any CPU.ActiveCfg = Debug|Any CPU
		{8C3A3A0E-C476-4993-989E-6487A0923DAE}.Debug|Any CPU.Build.0 = Debug|Any CPU
		{8C3A3A0E-C476-4993-989E-6487A0923DAE}.Release|Any CPU.ActiveCfg = Release|Any CPU
		{8C3A3A0E-C476-4993-989E-6487A0923DAE}.Release|Any CPU.Build.0 = Release|Any CPU
		{429370DA-6D5B-4AF2-9E58-3BBC8B82B884}.Debug|Any CPU.ActiveCfg = Debug|Any CPU
		{429370DA-6D5B-4AF2-9E58-3BBC8B82B884}.Debug|Any CPU.Build.0 = Debug|Any CPU
		{429370DA-6D5B-4AF2-9E58-3BBC8B82B884}.Release|Any CPU.ActiveCfg = Release|Any CPU
		{429370DA-6D5B-4AF2-9E58-3BBC8B82B884}.Release|Any CPU.Build.0 = Release|Any CPU
		{01F328FF-F72F-49DD-B779-DE2D45FB6DE8}.Debug|Any CPU.ActiveCfg = Debug|Any CPU
		{01F328FF-F72F-49DD-B779-DE2D45FB6DE8}.Debug|Any CPU.Build.0 = Debug|Any CPU
		{01F328FF-F72F-49DD-B779-DE2D45FB6DE8}.Release|Any CPU.ActiveCfg = Release|Any CPU
		{01F328FF-F72F-49DD-B779-DE2D45FB6DE8}.Release|Any CPU.Build.0 = Release|Any CPU
		{9E646ACA-C949-43F8-9B60-C9DADF7D46B3}.Debug|Any CPU.ActiveCfg = Debug|Any CPU
		{9E646ACA-C949-43F8-9B60-C9DADF7D46B3}.Debug|Any CPU.Build.0 = Debug|Any CPU
		{9E646ACA-C949-43F8-9B60-C9DADF7D46B3}.Release|Any CPU.ActiveCfg = Release|Any CPU
		{9E646ACA-C949-43F8-9B60-C9DADF7D46B3}.Release|Any CPU.Build.0 = Release|Any CPU
	EndGlobalSection
	GlobalSection(SolutionProperties) = preSolution
		HideSolutionNode = FALSE
	EndGlobalSection
	GlobalSection(NestedProjects) = preSolution
		{07933DBA-D7B4-40C1-B884-D9BDA33725C6} = {2EA5E67E-35D2-412B-85C2-7BB70DD07830}
		{60308F9C-9B17-480D-A758-F16739628437} = {2EA5E67E-35D2-412B-85C2-7BB70DD07830}
		{FCD260CD-2488-4CA2-BE37-28173FA1EDC8} = {60308F9C-9B17-480D-A758-F16739628437}
		{470C30F4-2962-497A-A880-0EF65114FADF} = {60308F9C-9B17-480D-A758-F16739628437}
		{D3F019C0-35D6-48E1-8B6D-D4EBE46C6418} = {60308F9C-9B17-480D-A758-F16739628437}
		{49E07341-A924-4B55-AF1D-3C75E3EA50FA} = {60308F9C-9B17-480D-A758-F16739628437}
		{601B8CF4-C387-4ADD-840D-C7946271D5AA} = {60308F9C-9B17-480D-A758-F16739628437}
		{A97BA842-C7B7-4C8E-BAFC-9EABBDD31849} = {60308F9C-9B17-480D-A758-F16739628437}
		{185DA4BE-B106-4D5F-83CB-639604CC9C26} = {07933DBA-D7B4-40C1-B884-D9BDA33725C6}
		{8C3A3A0E-C476-4993-989E-6487A0923DAE} = {07933DBA-D7B4-40C1-B884-D9BDA33725C6}
		{429370DA-6D5B-4AF2-9E58-3BBC8B82B884} = {1F68EDD9-9FC1-49DB-9FCE-2A056FD3B760}
		{01F328FF-F72F-49DD-B779-DE2D45FB6DE8} = {07933DBA-D7B4-40C1-B884-D9BDA33725C6}
		{9E646ACA-C949-43F8-9B60-C9DADF7D46B3} = {07933DBA-D7B4-40C1-B884-D9BDA33725C6}
	EndGlobalSection
	GlobalSection(ExtensibilityGlobals) = postSolution
		SolutionGuid = {4E9B772D-0572-4537-B2A0-859B19A196F0}
	EndGlobalSection
EndGlobal
